
Microsoft Visual Studio Solution File, Format Version 12.00
# Visual Studio Version 16
VisualStudioVersion = 16.0.29409.12
MinimumVisualStudioVersion = 10.0.40219.1
Project("{8BC9CEB8-8B4A-11D0-8D11-00A0C91BC942}") = "HW", "HW\HW.vcxproj", "{80F884DC-F325-4B9D-A12D-3138B0E0DD7B}"
EndProject
Global
	GlobalSection(SolutionConfigurationPlatforms) = preSolution
		Debug|x64 = Debug|x64
		Debug|x86 = Debug|x86
		Release|x64 = Release|x64
		Release|x86 = Release|x86
	EndGlobalSection
	GlobalSection(ProjectConfigurationPlatforms) = postSolution
		{80F884DC-F325-4B9D-A12D-3138B0E0DD7B}.Debug|x64.ActiveCfg = Debug|x64
		{80F884DC-F325-4B9D-A12D-3138B0E0DD7B}.Debug|x64.Build.0 = Debug|x64
		{80F884DC-F325-4B9D-A12D-3138B0E0DD7B}.Debug|x86.ActiveCfg = Debug|Win32
		{80F884DC-F325-4B9D-A12D-3138B0E0DD7B}.Debug|x86.Build.0 = Debug|Win32
		{80F884DC-F325-4B9D-A12D-3138B0E0DD7B}.Release|x64.ActiveCfg = Release|x64
		{80F884DC-F325-4B9D-A12D-3138B0E0DD7B}.Release|x64.Build.0 = Release|x64
		{80F884DC-F325-4B9D-A12D-3138B0E0DD7B}.Release|x86.ActiveCfg = Release|Win32
		{80F884DC-F325-4B9D-A12D-3138B0E0DD7B}.Release|x86.Build.0 = Release|Win32
	EndGlobalSection
	GlobalSection(SolutionProperties) = preSolution
		HideSolutionNode = FALSE
	EndGlobalSection
	GlobalSection(ExtensibilityGlobals) = postSolution
		SolutionGuid = {E81E21CA-C5BC-4D9F-9C6C-53973C4A1995}
	EndGlobalSection
EndGlobal
